
Microsoft Visual Studio Solution File, Format Version 12.00
# Visual Studio Version 17
VisualStudioVersion = 17.7.34024.191
MinimumVisualStudioVersion = 10.0.40219.1
Project("{FAE04EC0-301F-11D3-BF4B-00C04F79EFBC}") = "Lab12_4", "Lab12_4.csproj", "{A886737C-62C9-4CFC-8B6A-787CA28ABEC4}"
EndProject
Project("{FAE04EC0-301F-11D3-BF4B-00C04F79EFBC}") = "UnitTestProject2", "..\UnitTestProject2\UnitTestProject2.csproj", "{A5D6E04B-A10B-449F-83BB-280DFF3BBFAE}"
EndProject
Global
	GlobalSection(SolutionConfigurationPlatforms) = preSolution
		Debug|Any CPU = Debug|Any CPU
		Release|Any CPU = Release|Any CPU
	EndGlobalSection
	GlobalSection(ProjectConfigurationPlatforms) = postSolution
		{A886737C-62C9-4CFC-8B6A-787CA28ABEC4}.Debug|Any CPU.ActiveCfg = Debug|Any CPU
		{A886737C-62C9-4CFC-8B6A-787CA28ABEC4}.Debug|Any CPU.Build.0 = Debug|Any CPU
		{A886737C-62C9-4CFC-8B6A-787CA28ABEC4}.Release|Any CPU.ActiveCfg = Release|Any CPU
		{A886737C-62C9-4CFC-8B6A-787CA28ABEC4}.Release|Any CPU.Build.0 = Release|Any CPU
		{A5D6E04B-A10B-449F-83BB-280DFF3BBFAE}.Debug|Any CPU.ActiveCfg = Debug|Any CPU
		{A5D6E04B-A10B-449F-83BB-280DFF3BBFAE}.Debug|Any CPU.Build.0 = Debug|Any CPU
		{A5D6E04B-A10B-449F-83BB-280DFF3BBFAE}.Release|Any CPU.ActiveCfg = Release|Any CPU
		{A5D6E04B-A10B-449F-83BB-280DFF3BBFAE}.Release|Any CPU.Build.0 = Release|Any CPU
	EndGlobalSection
	GlobalSection(SolutionProperties) = preSolution
		HideSolutionNode = FALSE
	EndGlobalSection
	GlobalSection(ExtensibilityGlobals) = postSolution
		SolutionGuid = {9AB91BE0-6F2E-468B-9C3D-6E0F65FFB62E}
	EndGlobalSection
EndGlobal
